// !$*UTF8*$!
{
	archiveVersion = 1;
	classes = {
	};
	objectVersion = 56;
	objects = {

/* Begin PBXBuildFile section */
		5C2F535B2B3D45FC0090F301 /* WidgetCoreDataDemoApp.swift in Sources */ = {isa = PBXBuildFile; fileRef = 5C2F535A2B3D45FC0090F301 /* WidgetCoreDataDemoApp.swift */; };
		5C2F535D2B3D45FC0090F301 /* Persistence.swift in Sources */ = {isa = PBXBuildFile; fileRef = 5C2F535C2B3D45FC0090F301 /* Persistence.swift */; };
		5C2F53602B3D45FC0090F301 /* WidgetCoreDataDemo.xcdatamodeld in Sources */ = {isa = PBXBuildFile; fileRef = 5C2F535E2B3D45FC0090F301 /* WidgetCoreDataDemo.xcdatamodeld */; };
		5C2F53622B3D45FC0090F301 /* ContentView.swift in Sources */ = {isa = PBXBuildFile; fileRef = 5C2F53612B3D45FC0090F301 /* ContentView.swift */; };
		5C2F53642B3D45FD0090F301 /* Assets.xcassets in Resources */ = {isa = PBXBuildFile; fileRef = 5C2F53632B3D45FD0090F301 /* Assets.xcassets */; };
		5C2F53682B3D45FD0090F301 /* Preview Assets.xcassets in Resources */ = {isa = PBXBuildFile; fileRef = 5C2F53672B3D45FD0090F301 /* Preview Assets.xcassets */; };
		5C2F53722B3D45FD0090F301 /* WidgetCoreDataDemoTests.swift in Sources */ = {isa = PBXBuildFile; fileRef = 5C2F53712B3D45FD0090F301 /* WidgetCoreDataDemoTests.swift */; };
		5C2F537C2B3D45FD0090F301 /* WidgetCoreDataDemoUITests.swift in Sources */ = {isa = PBXBuildFile; fileRef = 5C2F537B2B3D45FD0090F301 /* WidgetCoreDataDemoUITests.swift */; };
		5C2F537E2B3D45FD0090F301 /* WidgetCoreDataDemoUITestsLaunchTests.swift in Sources */ = {isa = PBXBuildFile; fileRef = 5C2F537D2B3D45FD0090F301 /* WidgetCoreDataDemoUITestsLaunchTests.swift */; };
/* End PBXBuildFile section */

/* Begin PBXContainerItemProxy section */
		5C2F536E2B3D45FD0090F301 /* PBXContainerItemProxy */ = {
			isa = PBXContainerItemProxy;
			containerPortal = 5C2F534F2B3D45FC0090F301 /* Project object */;
			proxyType = 1;
			remoteGlobalIDString = 5C2F53562B3D45FC0090F301;
			remoteInfo = WidgetCoreDataDemo;
		};
		5C2F53782B3D45FD0090F301 /* PBXContainerItemProxy */ = {
			isa = PBXContainerItemProxy;
			containerPortal = 5C2F534F2B3D45FC0090F301 /* Project object */;
			proxyType = 1;
			remoteGlobalIDString = 5C2F53562B3D45FC0090F301;
			remoteInfo = WidgetCoreDataDemo;
		};
/* End PBXContainerItemProxy section */

/* Begin PBXFileReference section */
		5C2F53572B3D45FC0090F301 /* WidgetCoreDataDemo.app */ = {isa = PBXFileReference; explicitFileType = wrapper.application; includeInIndex = 0; path = WidgetCoreDataDemo.app; sourceTree = BUILT_PRODUCTS_DIR; };
		5C2F535A2B3D45FC0090F301 /* WidgetCoreDataDemoApp.swift */ = {isa = PBXFileReference; lastKnownFileType = sourcecode.swift; path = WidgetCoreDataDemoApp.swift; sourceTree = "<group>"; };
		5C2F535C2B3D45FC0090F301 /* Persistence.swift */ = {isa = PBXFileReference; lastKnownFileType = sourcecode.swift; path = Persistence.swift; sourceTree = "<group>"; };
		5C2F535F2B3D45FC0090F301 /* WidgetCoreDataDemo.xcdatamodel */ = {isa = PBXFileReference; lastKnownFileType = wrapper.xcdatamodel; path = WidgetCoreDataDemo.xcdatamodel; sourceTree = "<group>"; };
		5C2F53612B3D45FC0090F301 /* ContentView.swift */ = {isa = PBXFileReference; lastKnownFileType = sourcecode.swift; path = ContentView.swift; sourceTree = "<group>"; };
		5C2F53632B3D45FD0090F301 /* Assets.xcassets */ = {isa = PBXFileReference; lastKnownFileType = folder.assetcatalog; path = Assets.xcassets; sourceTree = "<group>"; };
		5C2F53652B3D45FD0090F301 /* WidgetCoreDataDemo.entitlements */ = {isa = PBXFileReference; lastKnownFileType = text.plist.entitlements; path = WidgetCoreDataDemo.entitlements; sourceTree = "<group>"; };
		5C2F53672B3D45FD0090F301 /* Preview Assets.xcassets */ = {isa = PBXFileReference; lastKnownFileType = folder.assetcatalog; path = "Preview Assets.xcassets"; sourceTree = "<group>"; };
		5C2F536D2B3D45FD0090F301 /* WidgetCoreDataDemoTests.xctest */ = {isa = PBXFileReference; explicitFileType = wrapper.cfbundle; includeInIndex = 0; path = WidgetCoreDataDemoTests.xctest; sourceTree = BUILT_PRODUCTS_DIR; };
		5C2F53712B3D45FD0090F301 /* WidgetCoreDataDemoTests.swift */ = {isa = PBXFileReference; lastKnownFileType = sourcecode.swift; path = WidgetCoreDataDemoTests.swift; sourceTree = "<group>"; };
		5C2F53772B3D45FD0090F301 /* WidgetCoreDataDemoUITests.xctest */ = {isa = PBXFileReference; explicitFileType = wrapper.cfbundle; includeInIndex = 0; path = WidgetCoreDataDemoUITests.xctest; sourceTree = BUILT_PRODUCTS_DIR; };
		5C2F537B2B3D45FD0090F301 /* WidgetCoreDataDemoUITests.swift */ = {isa = PBXFileReference; lastKnownFileType = sourcecode.swift; path = WidgetCoreDataDemoUITests.swift; sourceTree = "<group>"; };
		5C2F537D2B3D45FD0090F301 /* WidgetCoreDataDemoUITestsLaunchTests.swift */ = {isa = PBXFileReference; lastKnownFileType = sourcecode.swift; path = WidgetCoreDataDemoUITestsLaunchTests.swift; sourceTree = "<group>"; };
/* End PBXFileReference section */

/* Begin PBXFrameworksBuildPhase section */
		5C2F53542B3D45FC0090F301 /* Frameworks */ = {
			isa = PBXFrameworksBuildPhase;
			buildActionMask = 2147483647;
			files = (
			);
			runOnlyForDeploymentPostprocessing = 0;
		};
		5C2F536A2B3D45FD0090F301 /* Frameworks */ = {
			isa = PBXFrameworksBuildPhase;
			buildActionMask = 2147483647;
			files = (
			);
			runOnlyForDeploymentPostprocessing = 0;
		};
		5C2F53742B3D45FD0090F301 /* Frameworks */ = {
			isa = PBXFrameworksBuildPhase;
			buildActionMask = 2147483647;
			files = (
			);
			runOnlyForDeploymentPostprocessing = 0;
		};
/* End PBXFrameworksBuildPhase section */

/* Begin PBXGroup section */
		5C2F534E2B3D45FC0090F301 = {
			isa = PBXGroup;
			children = (
				5C2F53592B3D45FC0090F301 /* WidgetCoreDataDemo */,
				5C2F53702B3D45FD0090F301 /* WidgetCoreDataDemoTests */,
				5C2F537A2B3D45FD0090F301 /* WidgetCoreDataDemoUITests */,
				5C2F53582B3D45FC0090F301 /* Products */,
			);
			sourceTree = "<group>";
		};
		5C2F53582B3D45FC0090F301 /* Products */ = {
			isa = PBXGroup;
			children = (
				5C2F53572B3D45FC0090F301 /* WidgetCoreDataDemo.app */,
				5C2F536D2B3D45FD0090F301 /* WidgetCoreDataDemoTests.xctest */,
				5C2F53772B3D45FD0090F301 /* WidgetCoreDataDemoUITests.xctest */,
			);
			name = Products;
			sourceTree = "<group>";
		};
		5C2F53592B3D45FC0090F301 /* WidgetCoreDataDemo */ = {
			isa = PBXGroup;
			children = (
				5C2F535A2B3D45FC0090F301 /* WidgetCoreDataDemoApp.swift */,
				5C2F535C2B3D45FC0090F301 /* Persistence.swift */,
				5C2F53612B3D45FC0090F301 /* ContentView.swift */,
				5C2F53632B3D45FD0090F301 /* Assets.xcassets */,
				5C2F53652B3D45FD0090F301 /* WidgetCoreDataDemo.entitlements */,
				5C2F535E2B3D45FC0090F301 /* WidgetCoreDataDemo.xcdatamodeld */,
				5C2F53662B3D45FD0090F301 /* Preview Content */,
			);
			path = WidgetCoreDataDemo;
			sourceTree = "<group>";
		};
		5C2F53662B3D45FD0090F301 /* Preview Content */ = {
			isa = PBXGroup;
			children = (
				5C2F53672B3D45FD0090F301 /* Preview Assets.xcassets */,
			);
			path = "Preview Content";
			sourceTree = "<group>";
		};
		5C2F53702B3D45FD0090F301 /* WidgetCoreDataDemoTests */ = {
			isa = PBXGroup;
			children = (
				5C2F53712B3D45FD0090F301 /* WidgetCoreDataDemoTests.swift */,
			);
			path = WidgetCoreDataDemoTests;
			sourceTree = "<group>";
		};
		5C2F537A2B3D45FD0090F301 /* WidgetCoreDataDemoUITests */ = {
			isa = PBXGroup;
			children = (
				5C2F537B2B3D45FD0090F301 /* WidgetCoreDataDemoUITests.swift */,
				5C2F537D2B3D45FD0090F301 /* WidgetCoreDataDemoUITestsLaunchTests.swift */,
			);
			path = WidgetCoreDataDemoUITests;
			sourceTree = "<group>";
		};
/* End PBXGroup section */

/* Begin PBXNativeTarget section */
		5C2F53562B3D45FC0090F301 /* WidgetCoreDataDemo */ = {
			isa = PBXNativeTarget;
			buildConfigurationList = 5C2F53812B3D45FD0090F301 /* Build configuration list for PBXNativeTarget "WidgetCoreDataDemo" */;
			buildPhases = (
				5C2F53532B3D45FC0090F301 /* Sources */,
				5C2F53542B3D45FC0090F301 /* Frameworks */,
				5C2F53552B3D45FC0090F301 /* Resources */,
			);
			buildRules = (
			);
			dependencies = (
			);
			name = WidgetCoreDataDemo;
			productName = WidgetCoreDataDemo;
			productReference = 5C2F53572B3D45FC0090F301 /* WidgetCoreDataDemo.app */;
			productType = "com.apple.product-type.application";
		};
		5C2F536C2B3D45FD0090F301 /* WidgetCoreDataDemoTests */ = {
			isa = PBXNativeTarget;
			buildConfigurationList = 5C2F53842B3D45FD0090F301 /* Build configuration list for PBXNativeTarget "WidgetCoreDataDemoTests" */;
			buildPhases = (
				5C2F53692B3D45FD0090F301 /* Sources */,
				5C2F536A2B3D45FD0090F301 /* Frameworks */,
				5C2F536B2B3D45FD0090F301 /* Resources */,
			);
			buildRules = (
			);
			dependencies = (
				5C2F536F2B3D45FD0090F301 /* PBXTargetDependency */,
			);
			name = WidgetCoreDataDemoTests;
			productName = WidgetCoreDataDemoTests;
			productReference = 5C2F536D2B3D45FD0090F301 /* WidgetCoreDataDemoTests.xctest */;
			productType = "com.apple.product-type.bundle.unit-test";
		};
		5C2F53762B3D45FD0090F301 /* WidgetCoreDataDemoUITests */ = {
			isa = PBXNativeTarget;
			buildConfigurationList = 5C2F53872B3D45FD0090F301 /* Build configuration list for PBXNativeTarget "WidgetCoreDataDemoUITests" */;
			buildPhases = (
				5C2F53732B3D45FD0090F301 /* Sources */,
				5C2F53742B3D45FD0090F301 /* Frameworks */,
				5C2F53752B3D45FD0090F301 /* Resources */,
			);
			buildRules = (
			);
			dependencies = (
				5C2F53792B3D45FD0090F301 /* PBXTargetDependency */,
			);
			name = WidgetCoreDataDemoUITests;
			productName = WidgetCoreDataDemoUITests;
			productReference = 5C2F53772B3D45FD0090F301 /* WidgetCoreDataDemoUITests.xctest */;
			productType = "com.apple.product-type.bundle.ui-testing";
		};
/* End PBXNativeTarget section */

/* Begin PBXProject section */
		5C2F534F2B3D45FC0090F301 /* Project object */ = {
			isa = PBXProject;
			attributes = {
				BuildIndependentTargetsInParallel = 1;
				LastSwiftUpdateCheck = 1510;
				LastUpgradeCheck = 1510;
				TargetAttributes = {
					5C2F53562B3D45FC0090F301 = {
						CreatedOnToolsVersion = 15.1;
					};
					5C2F536C2B3D45FD0090F301 = {
						CreatedOnToolsVersion = 15.1;
						TestTargetID = 5C2F53562B3D45FC0090F301;
					};
					5C2F53762B3D45FD0090F301 = {
						CreatedOnToolsVersion = 15.1;
						TestTargetID = 5C2F53562B3D45FC0090F301;
					};
				};
			};
			buildConfigurationList = 5C2F53522B3D45FC0090F301 /* Build configuration list for PBXProject "WidgetCoreDataDemo" */;
			compatibilityVersion = "Xcode 14.0";
			developmentRegion = en;
			hasScannedForEncodings = 0;
			knownRegions = (
				en,
				Base,
			);
			mainGroup = 5C2F534E2B3D45FC0090F301;
			productRefGroup = 5C2F53582B3D45FC0090F301 /* Products */;
			projectDirPath = "";
			projectRoot = "";
			targets = (
				5C2F53562B3D45FC0090F301 /* WidgetCoreDataDemo */,
				5C2F536C2B3D45FD0090F301 /* WidgetCoreDataDemoTests */,
				5C2F53762B3D45FD0090F301 /* WidgetCoreDataDemoUITests */,
			);
		};
/* End PBXProject section */

/* Begin PBXResourcesBuildPhase section */
		5C2F53552B3D45FC0090F301 /* Resources */ = {
			isa = PBXResourcesBuildPhase;
			buildActionMask = 2147483647;
			files = (
				5C2F53682B3D45FD0090F301 /* Preview Assets.xcassets in Resources */,
				5C2F53642B3D45FD0090F301 /* Assets.xcassets in Resources */,
			);
			runOnlyForDeploymentPostprocessing = 0;
		};
		5C2F536B2B3D45FD0090F301 /* Resources */ = {
			isa = PBXResourcesBuildPhase;
			buildActionMask = 2147483647;
			files = (
			);
			runOnlyForDeploymentPostprocessing = 0;
		};
		5C2F53752B3D45FD0090F301 /* Resources */ = {
			isa = PBXResourcesBuildPhase;
			buildActionMask = 2147483647;
			files = (
			);
			runOnlyForDeploymentPostprocessing = 0;
		};
/* End PBXResourcesBuildPhase section */

/* Begin PBXSourcesBuildPhase section */
		5C2F53532B3D45FC0090F301 /* Sources */ = {
			isa = PBXSourcesBuildPhase;
			buildActionMask = 2147483647;
			files = (
				5C2F535B2B3D45FC0090F301 /* WidgetCoreDataDemoApp.swift in Sources */,
				5C2F535D2B3D45FC0090F301 /* Persistence.swift in Sources */,
				5C2F53622B3D45FC0090F301 /* ContentView.swift in Sources */,
				5C2F53602B3D45FC0090F301 /* WidgetCoreDataDemo.xcdatamodeld in Sources */,
			);
			runOnlyForDeploymentPostprocessing = 0;
		};
		5C2F53692B3D45FD0090F301 /* Sources */ = {
			isa = PBXSourcesBuildPhase;
			buildActionMask = 2147483647;
			files = (
				5C2F53722B3D45FD0090F301 /* WidgetCoreDataDemoTests.swift in Sources */,
			);
			runOnlyForDeploymentPostprocessing = 0;
		};
		5C2F53732B3D45FD0090F301 /* Sources */ = {
			isa = PBXSourcesBuildPhase;
			buildActionMask = 2147483647;
			files = (
				5C2F537E2B3D45FD0090F301 /* WidgetCoreDataDemoUITestsLaunchTests.swift in Sources */,
				5C2F537C2B3D45FD0090F301 /* WidgetCoreDataDemoUITests.swift in Sources */,
			);
			runOnlyForDeploymentPostprocessing = 0;
		};
/* End PBXSourcesBuildPhase section */

/* Begin PBXTargetDependency section */
		5C2F536F2B3D45FD0090F301 /* PBXTargetDependency */ = {
			isa = PBXTargetDependency;
			target = 5C2F53562B3D45FC0090F301 /* WidgetCoreDataDemo */;
			targetProxy = 5C2F536E2B3D45FD0090F301 /* PBXContainerItemProxy */;
		};
		5C2F53792B3D45FD0090F301 /* PBXTargetDependency */ = {
			isa = PBXTargetDependency;
			target = 5C2F53562B3D45FC0090F301 /* WidgetCoreDataDemo */;
			targetProxy = 5C2F53782B3D45FD0090F301 /* PBXContainerItemProxy */;
		};
/* End PBXTargetDependency section */

/* Begin XCBuildConfiguration section */
		5C2F537F2B3D45FD0090F301 /* Debug */ = {
			isa = XCBuildConfiguration;
			buildSettings = {
				ALWAYS_SEARCH_USER_PATHS = NO;
				ASSETCATALOG_COMPILER_GENERATE_SWIFT_ASSET_SYMBOL_EXTENSIONS = YES;
				CLANG_ANALYZER_NONNULL = YES;
				CLANG_ANALYZER_NUMBER_OBJECT_CONVERSION = YES_AGGRESSIVE;
				CLANG_CXX_LANGUAGE_STANDARD = "gnu++20";
				CLANG_ENABLE_MODULES = YES;
				CLANG_ENABLE_OBJC_ARC = YES;
				CLANG_ENABLE_OBJC_WEAK = YES;
				CLANG_WARN_BLOCK_CAPTURE_AUTORELEASING = YES;
				CLANG_WARN_BOOL_CONVERSION = YES;
				CLANG_WARN_COMMA = YES;
				CLANG_WARN_CONSTANT_CONVERSION = YES;
				CLANG_WARN_DEPRECATED_OBJC_IMPLEMENTATIONS = YES;
				CLANG_WARN_DIRECT_OBJC_ISA_USAGE = YES_ERROR;
				CLANG_WARN_DOCUMENTATION_COMMENTS = YES;
				CLANG_WARN_EMPTY_BODY = YES;
				CLANG_WARN_ENUM_CONVERSION = YES;
				CLANG_WARN_INFINITE_RECURSION = YES;
				CLANG_WARN_INT_CONVERSION = YES;
				CLANG_WARN_NON_LITERAL_NULL_CONVERSION = YES;
				CLANG_WARN_OBJC_IMPLICIT_RETAIN_SELF = YES;
				CLANG_WARN_OBJC_LITERAL_CONVERSION = YES;
				CLANG_WARN_OBJC_ROOT_CLASS = YES_ERROR;
				CLANG_WARN_QUOTED_INCLUDE_IN_FRAMEWORK_HEADER = YES;
				CLANG_WARN_RANGE_LOOP_ANALYSIS = YES;
				CLANG_WARN_STRICT_PROTOTYPES = YES;
				CLANG_WARN_SUSPICIOUS_MOVE = YES;
				CLANG_WARN_UNGUARDED_AVAILABILITY = YES_AGGRESSIVE;
				CLANG_WARN_UNREACHABLE_CODE = YES;
				CLANG_WARN__DUPLICATE_METHOD_MATCH = YES;
				COPY_PHASE_STRIP = NO;
				DEBUG_INFORMATION_FORMAT = dwarf;
				ENABLE_STRICT_OBJC_MSGSEND = YES;
				ENABLE_TESTABILITY = YES;
				ENABLE_USER_SCRIPT_SANDBOXING = YES;
				GCC_C_LANGUAGE_STANDARD = gnu17;
				GCC_DYNAMIC_NO_PIC = NO;
				GCC_NO_COMMON_BLOCKS = YES;
				GCC_OPTIMIZATION_LEVEL = 0;
				GCC_PREPROCESSOR_DEFINITIONS = (
					"DEBUG=1",
					"$(inherited)",
				);
				GCC_WARN_64_TO_32_BIT_CONVERSION = YES;
				GCC_WARN_ABOUT_RETURN_TYPE = YES_ERROR;
				GCC_WARN_UNDECLARED_SELECTOR = YES;
				GCC_WARN_UNINITIALIZED_AUTOS = YES_AGGRESSIVE;
				GCC_WARN_UNUSED_FUNCTION = YES;
				GCC_WARN_UNUSED_VARIABLE = YES;
				LOCALIZATION_PREFERS_STRING_CATALOGS = YES;
				MTL_ENABLE_DEBUG_INFO = INCLUDE_SOURCE;
				MTL_FAST_MATH = YES;
				ONLY_ACTIVE_ARCH = YES;
				SWIFT_ACTIVE_COMPILATION_CONDITIONS = "DEBUG $(inherited)";
				SWIFT_OPTIMIZATION_LEVEL = "-Onone";
			};
			name = Debug;
		};
		5C2F53802B3D45FD0090F301 /* Release */ = {
			isa = XCBuildConfiguration;
			buildSettings = {
				ALWAYS_SEARCH_USER_PATHS = NO;
				ASSETCATALOG_COMPILER_GENERATE_SWIFT_ASSET_SYMBOL_EXTENSIONS = YES;
				CLANG_ANALYZER_NONNULL = YES;
				CLANG_ANALYZER_NUMBER_OBJECT_CONVERSION = YES_AGGRESSIVE;
				CLANG_CXX_LANGUAGE_STANDARD = "gnu++20";
				CLANG_ENABLE_MODULES = YES;
				CLANG_ENABLE_OBJC_ARC = YES;
				CLANG_ENABLE_OBJC_WEAK = YES;
				CLANG_WARN_BLOCK_CAPTURE_AUTORELEASING = YES;
				CLANG_WARN_BOOL_CONVERSION = YES;
				CLANG_WARN_COMMA = YES;
				CLANG_WARN_CONSTANT_CONVERSION = YES;
				CLANG_WARN_DEPRECATED_OBJC_IMPLEMENTATIONS = YES;
				CLANG_WARN_DIRECT_OBJC_ISA_USAGE = YES_ERROR;
				CLANG_WARN_DOCUMENTATION_COMMENTS = YES;
				CLANG_WARN_EMPTY_BODY = YES;
				CLANG_WARN_ENUM_CONVERSION = YES;
				CLANG_WARN_INFINITE_RECURSION = YES;
				CLANG_WARN_INT_CONVERSION = YES;
				CLANG_WARN_NON_LITERAL_NULL_CONVERSION = YES;
				CLANG_WARN_OBJC_IMPLICIT_RETAIN_SELF = YES;
				CLANG_WARN_OBJC_LITERAL_CONVERSION = YES;
				CLANG_WARN_OBJC_ROOT_CLASS = YES_ERROR;
				CLANG_WARN_QUOTED_INCLUDE_IN_FRAMEWORK_HEADER = YES;
				CLANG_WARN_RANGE_LOOP_ANALYSIS = YES;
				CLANG_WARN_STRICT_PROTOTYPES = YES;
				CLANG_WARN_SUSPICIOUS_MOVE = YES;
				CLANG_WARN_UNGUARDED_AVAILABILITY = YES_AGGRESSIVE;
				CLANG_WARN_UNREACHABLE_CODE = YES;
				CLANG_WARN__DUPLICATE_METHOD_MATCH = YES;
				COPY_PHASE_STRIP = NO;
				DEBUG_INFORMATION_FORMAT = "dwarf-with-dsym";
				ENABLE_NS_ASSERTIONS = NO;
				ENABLE_STRICT_OBJC_MSGSEND = YES;
				ENABLE_USER_SCRIPT_SANDBOXING = YES;
				GCC_C_LANGUAGE_STANDARD = gnu17;
				GCC_NO_COMMON_BLOCKS = YES;
				GCC_WARN_64_TO_32_BIT_CONVERSION = YES;
				GCC_WARN_ABOUT_RETURN_TYPE = YES_ERROR;
				GCC_WARN_UNDECLARED_SELECTOR = YES;
				GCC_WARN_UNINITIALIZED_AUTOS = YES_AGGRESSIVE;
				GCC_WARN_UNUSED_FUNCTION = YES;
				GCC_WARN_UNUSED_VARIABLE = YES;
				LOCALIZATION_PREFERS_STRING_CATALOGS = YES;
				MTL_ENABLE_DEBUG_INFO = NO;
				MTL_FAST_MATH = YES;
				SWIFT_COMPILATION_MODE = wholemodule;
			};
			name = Release;
		};
		5C2F53822B3D45FD0090F301 /* Debug */ = {
			isa = XCBuildConfiguration;
			buildSettings = {
				ASSETCATALOG_COMPILER_APPICON_NAME = AppIcon;
				ASSETCATALOG_COMPILER_GLOBAL_ACCENT_COLOR_NAME = AccentColor;
				CODE_SIGN_ENTITLEMENTS = WidgetCoreDataDemo/WidgetCoreDataDemo.entitlements;
				CODE_SIGN_STYLE = Automatic;
				CURRENT_PROJECT_VERSION = 1;
				DEVELOPMENT_ASSET_PATHS = "\"WidgetCoreDataDemo/Preview Content\"";
				DEVELOPMENT_TEAM = KVX67TSKSQ;
				ENABLE_HARDENED_RUNTIME = YES;
				ENABLE_PREVIEWS = YES;
				GENERATE_INFOPLIST_FILE = YES;
				"INFOPLIST_KEY_UIApplicationSceneManifest_Generation[sdk=iphoneos*]" = YES;
				"INFOPLIST_KEY_UIApplicationSceneManifest_Generation[sdk=iphonesimulator*]" = YES;
				"INFOPLIST_KEY_UIApplicationSupportsIndirectInputEvents[sdk=iphoneos*]" = YES;
				"INFOPLIST_KEY_UIApplicationSupportsIndirectInputEvents[sdk=iphonesimulator*]" = YES;
				"INFOPLIST_KEY_UILaunchScreen_Generation[sdk=iphoneos*]" = YES;
				"INFOPLIST_KEY_UILaunchScreen_Generation[sdk=iphonesimulator*]" = YES;
				"INFOPLIST_KEY_UIStatusBarStyle[sdk=iphoneos*]" = UIStatusBarStyleDefault;
				"INFOPLIST_KEY_UIStatusBarStyle[sdk=iphonesimulator*]" = UIStatusBarStyleDefault;
				INFOPLIST_KEY_UISupportedInterfaceOrientations_iPad = "UIInterfaceOrientationPortrait UIInterfaceOrientationPortraitUpsideDown UIInterfaceOrientationLandscapeLeft UIInterfaceOrientationLandscapeRight";
				INFOPLIST_KEY_UISupportedInterfaceOrientations_iPhone = "UIInterfaceOrientationPortrait UIInterfaceOrientationLandscapeLeft UIInterfaceOrientationLandscapeRight";
				IPHONEOS_DEPLOYMENT_TARGET = 17.2;
				LD_RUNPATH_SEARCH_PATHS = "@executable_path/Frameworks";
				"LD_RUNPATH_SEARCH_PATHS[sdk=macosx*]" = "@executable_path/../Frameworks";
				MACOSX_DEPLOYMENT_TARGET = 13.5;
				MARKETING_VERSION = 1.0;
				PRODUCT_BUNDLE_IDENTIFIER = net.jihoon.WidgetCoreDataDemo;
				PRODUCT_NAME = "$(TARGET_NAME)";
				SDKROOT = auto;
				SUPPORTED_PLATFORMS = "iphoneos iphonesimulator macosx";
				SWIFT_EMIT_LOC_STRINGS = YES;
				SWIFT_VERSION = 5.0;
				TARGETED_DEVICE_FAMILY = "1,2";
			};
			name = Debug;
		};
		5C2F53832B3D45FD0090F301 /* Release */ = {
			isa = XCBuildConfiguration;
			buildSettings = {
				ASSETCATALOG_COMPILER_APPICON_NAME = AppIcon;
				ASSETCATALOG_COMPILER_GLOBAL_ACCENT_COLOR_NAME = AccentColor;
				CODE_SIGN_ENTITLEMENTS = WidgetCoreDataDemo/WidgetCoreDataDemo.entitlements;
				CODE_SIGN_STYLE = Automatic;
				CURRENT_PROJECT_VERSION = 1;
				DEVELOPMENT_ASSET_PATHS = "\"WidgetCoreDataDemo/Preview Content\"";
				DEVELOPMENT_TEAM = KVX67TSKSQ;
				ENABLE_HARDENED_RUNTIME = YES;
				ENABLE_PREVIEWS = YES;
				GENERATE_INFOPLIST_FILE = YES;
				"INFOPLIST_KEY_UIApplicationSceneManifest_Generation[sdk=iphoneos*]" = YES;
				"INFOPLIST_KEY_UIApplicationSceneManifest_Generation[sdk=iphonesimulator*]" = YES;
				"INFOPLIST_KEY_UIApplicationSupportsIndirectInputEvents[sdk=iphoneos*]" = YES;
				"INFOPLIST_KEY_UIApplicationSupportsIndirectInputEvents[sdk=iphonesimulator*]" = YES;
				"INFOPLIST_KEY_UILaunchScreen_Generation[sdk=iphoneos*]" = YES;
				"INFOPLIST_KEY_UILaunchScreen_Generation[sdk=iphonesimulator*]" = YES;
				"INFOPLIST_KEY_UIStatusBarStyle[sdk=iphoneos*]" = UIStatusBarStyleDefault;
				"INFOPLIST_KEY_UIStatusBarStyle[sdk=iphonesimulator*]" = UIStatusBarStyleDefault;
				INFOPLIST_KEY_UISupportedInterfaceOrientations_iPad = "UIInterfaceOrientationPortrait UIInterfaceOrientationPortraitUpsideDown UIInterfaceOrientationLandscapeLeft UIInterfaceOrientationLandscapeRight";
				INFOPLIST_KEY_UISupportedInterfaceOrientations_iPhone = "UIInterfaceOrientationPortrait UIInterfaceOrientationLandscapeLeft UIInterfaceOrientationLandscapeRight";
				IPHONEOS_DEPLOYMENT_TARGET = 17.2;
				LD_RUNPATH_SEARCH_PATHS = "@executable_path/Frameworks";
				"LD_RUNPATH_SEARCH_PATHS[sdk=macosx*]" = "@executable_path/../Frameworks";
				MACOSX_DEPLOYMENT_TARGET = 13.5;
				MARKETING_VERSION = 1.0;
				PRODUCT_BUNDLE_IDENTIFIER = net.jihoon.WidgetCoreDataDemo;
				PRODUCT_NAME = "$(TARGET_NAME)";
				SDKROOT = auto;
				SUPPORTED_PLATFORMS = "iphoneos iphonesimulator macosx";
				SWIFT_EMIT_LOC_STRINGS = YES;
				SWIFT_VERSION = 5.0;
				TARGETED_DEVICE_FAMILY = "1,2";
			};
			name = Release;
		};
		5C2F53852B3D45FD0090F301 /* Debug */ = {
			isa = XCBuildConfiguration;
			buildSettings = {
				ALWAYS_EMBED_SWIFT_STANDARD_LIBRARIES = YES;
				BUNDLE_LOADER = "$(TEST_HOST)";
				CODE_SIGN_STYLE = Automatic;
				CURRENT_PROJECT_VERSION = 1;
				DEVELOPMENT_TEAM = KVX67TSKSQ;
				GENERATE_INFOPLIST_FILE = YES;
				IPHONEOS_DEPLOYMENT_TARGET = 17.2;
				MACOSX_DEPLOYMENT_TARGET = 13.5;
				MARKETING_VERSION = 1.0;
				PRODUCT_BUNDLE_IDENTIFIER = net.jihoon.WidgetCoreDataDemoTests;
				PRODUCT_NAME = "$(TARGET_NAME)";
				SDKROOT = auto;
				SUPPORTED_PLATFORMS = "iphoneos iphonesimulator macosx";
				SWIFT_EMIT_LOC_STRINGS = NO;
				SWIFT_VERSION = 5.0;
				TARGETED_DEVICE_FAMILY = "1,2";
				TEST_HOST = "$(BUILT_PRODUCTS_DIR)/WidgetCoreDataDemo.app/$(BUNDLE_EXECUTABLE_FOLDER_PATH)/WidgetCoreDataDemo";
			};
			name = Debug;
		};
		5C2F53862B3D45FD0090F301 /* Release */ = {
			isa = XCBuildConfiguration;
			buildSettings = {
				ALWAYS_EMBED_SWIFT_STANDARD_LIBRARIES = YES;
				BUNDLE_LOADER = "$(TEST_HOST)";
				CODE_SIGN_STYLE = Automatic;
				CURRENT_PROJECT_VERSION = 1;
				DEVELOPMENT_TEAM = KVX67TSKSQ;
				GENERATE_INFOPLIST_FILE = YES;
				IPHONEOS_DEPLOYMENT_TARGET = 17.2;
				MACOSX_DEPLOYMENT_TARGET = 13.5;
				MARKETING_VERSION = 1.0;
				PRODUCT_BUNDLE_IDENTIFIER = net.jihoon.WidgetCoreDataDemoTests;
				PRODUCT_NAME = "$(TARGET_NAME)";
				SDKROOT = auto;
				SUPPORTED_PLATFORMS = "iphoneos iphonesimulator macosx";
				SWIFT_EMIT_LOC_STRINGS = NO;
				SWIFT_VERSION = 5.0;
				TARGETED_DEVICE_FAMILY = "1,2";
				TEST_HOST = "$(BUILT_PRODUCTS_DIR)/WidgetCoreDataDemo.app/$(BUNDLE_EXECUTABLE_FOLDER_PATH)/WidgetCoreDataDemo";
			};
			name = Release;
		};
		5C2F53882B3D45FD0090F301 /* Debug */ = {
			isa = XCBuildConfiguration;
			buildSettings = {
				ALWAYS_EMBED_SWIFT_STANDARD_LIBRARIES = YES;
				CODE_SIGN_STYLE = Automatic;
				CURRENT_PROJECT_VERSION = 1;
				DEVELOPMENT_TEAM = KVX67TSKSQ;
				GENERATE_INFOPLIST_FILE = YES;
				IPHONEOS_DEPLOYMENT_TARGET = 17.2;
				MACOSX_DEPLOYMENT_TARGET = 13.5;
				MARKETING_VERSION = 1.0;
				PRODUCT_BUNDLE_IDENTIFIER = net.jihoon.WidgetCoreDataDemoUITests;
				PRODUCT_NAME = "$(TARGET_NAME)";
				SDKROOT = auto;
				SUPPORTED_PLATFORMS = "iphoneos iphonesimulator macosx";
				SWIFT_EMIT_LOC_STRINGS = NO;
				SWIFT_VERSION = 5.0;
				TARGETED_DEVICE_FAMILY = "1,2";
				TEST_TARGET_NAME = WidgetCoreDataDemo;
			};
			name = Debug;
		};
		5C2F53892B3D45FD0090F301 /* Release */ = {
			isa = XCBuildConfiguration;
			buildSettings = {
				ALWAYS_EMBED_SWIFT_STANDARD_LIBRARIES = YES;
				CODE_SIGN_STYLE = Automatic;
				CURRENT_PROJECT_VERSION = 1;
				DEVELOPMENT_TEAM = KVX67TSKSQ;
				GENERATE_INFOPLIST_FILE = YES;
				IPHONEOS_DEPLOYMENT_TARGET = 17.2;
				MACOSX_DEPLOYMENT_TARGET = 13.5;
				MARKETING_VERSION = 1.0;
				PRODUCT_BUNDLE_IDENTIFIER = net.jihoon.WidgetCoreDataDemoUITests;
				PRODUCT_NAME = "$(TARGET_NAME)";
				SDKROOT = auto;
				SUPPORTED_PLATFORMS = "iphoneos iphonesimulator macosx";
				SWIFT_EMIT_LOC_STRINGS = NO;
				SWIFT_VERSION = 5.0;
				TARGETED_DEVICE_FAMILY = "1,2";
				TEST_TARGET_NAME = WidgetCoreDataDemo;
			};
			name = Release;
		};
/* End XCBuildConfiguration section */

/* Begin XCConfigurationList section */
		5C2F53522B3D45FC0090F301 /* Build configuration list for PBXProject "WidgetCoreDataDemo" */ = {
			isa = XCConfigurationList;
			buildConfigurations = (
				5C2F537F2B3D45FD0090F301 /* Debug */,
				5C2F53802B3D45FD0090F301 /* Release */,
			);
			defaultConfigurationIsVisible = 0;
			defaultConfigurationName = Release;
		};
		5C2F53812B3D45FD0090F301 /* Build configuration list for PBXNativeTarget "WidgetCoreDataDemo" */ = {
			isa = XCConfigurationList;
			buildConfigurations = (
				5C2F53822B3D45FD0090F301 /* Debug */,
				5C2F53832B3D45FD0090F301 /* Release */,
			);
			defaultConfigurationIsVisible = 0;
			defaultConfigurationName = Release;
		};
		5C2F53842B3D45FD0090F301 /* Build configuration list for PBXNativeTarget "WidgetCoreDataDemoTests" */ = {
			isa = XCConfigurationList;
			buildConfigurations = (
				5C2F53852B3D45FD0090F301 /* Debug */,
				5C2F53862B3D45FD0090F301 /* Release */,
			);
			defaultConfigurationIsVisible = 0;
			defaultConfigurationName = Release;
		};
		5C2F53872B3D45FD0090F301 /* Build configuration list for PBXNativeTarget "WidgetCoreDataDemoUITests" */ = {
			isa = XCConfigurationList;
			buildConfigurations = (
				5C2F53882B3D45FD0090F301 /* Debug */,
				5C2F53892B3D45FD0090F301 /* Release */,
			);
			defaultConfigurationIsVisible = 0;
			defaultConfigurationName = Release;
		};
/* End XCConfigurationList section */

/* Begin XCVersionGroup section */
		5C2F535E2B3D45FC0090F301 /* WidgetCoreDataDemo.xcdatamodeld */ = {
			isa = XCVersionGroup;
			children = (
				5C2F535F2B3D45FC0090F301 /* WidgetCoreDataDemo.xcdatamodel */,
			);
			currentVersion = 5C2F535F2B3D45FC0090F301 /* WidgetCoreDataDemo.xcdatamodel */;
			path = WidgetCoreDataDemo.xcdatamodeld;
			sourceTree = "<group>";
			versionGroupType = wrapper.xcdatamodel;
		};
/* End XCVersionGroup section */
	};
	rootObject = 5C2F534F2B3D45FC0090F301 /* Project object */;
}
